
Microsoft Visual Studio Solution File, Format Version 12.00
# Visual Studio Version 17
VisualStudioVersion = 17.0.31903.59
MinimumVisualStudioVersion = 10.0.40219.1
Project("{2150E333-8FDC-42A3-9474-1A3956D46DE8}") = "src", "src", "{9869DBB4-CC25-4F19-A68B-17731D8CA5C5}"
EndProject
Project("{FAE04EC0-301F-11D3-BF4B-00C04F79EFBC}") = "Common.Shared", "src\Common.Shared\Common.Shared.csproj", "{BD5C0D97-2262-4636-BE3F-520A46B9F56E}"
EndProject
Project("{2150E333-8FDC-42A3-9474-1A3956D46DE8}") = "tests", "tests", "{0AB3BF05-4346-4AA6-1389-037BE0695223}"
EndProject
Project("{FAE04EC0-301F-11D3-BF4B-00C04F79EFBC}") = "Common.Shared.Tests", "tests\Common.Shared.Tests\Common.Shared.Tests.csproj", "{45A432CA-B02E-44BD-A04F-1C066C7B9831}"
EndProject
Project("{FAE04EC0-301F-11D3-BF4B-00C04F79EFBC}") = "InspectionService.Domain", "src\InspectionService.Domain\InspectionService.Domain.csproj", "{0D8BAF38-CDFD-483A-9AB1-878AEC71A423}"
EndProject
Project("{FAE04EC0-301F-11D3-BF4B-00C04F79EFBC}") = "InspectionService.Shared.Kernel", "src\InspectionService.Shared.Kernel\InspectionService.Shared.Kernel.csproj", "{539580D8-E323-4D16-87BD-386AD1369939}"
EndProject
Project("{FAE04EC0-301F-11D3-BF4B-00C04F79EFBC}") = "InspectionService.Api", "src\InspectionService.Api\InspectionService.Api.csproj", "{B83A1200-6DBE-45BD-9C99-F07EFFCB17B8}"
EndProject
Project("{FAE04EC0-301F-11D3-BF4B-00C04F79EFBC}") = "InspectionService.Infrastructure", "src\InspectionService.Infrastructure\InspectionService.Infrastructure.csproj", "{C57BBEAD-8011-446D-9B6F-449A591DE6CF}"
EndProject
Project("{FAE04EC0-301F-11D3-BF4B-00C04F79EFBC}") = "InspectionService.Application", "src\InspectionService.Application\InspectionService.Application.csproj", "{DE9395EC-80E1-4088-BCC3-0D9037C5EFAD}"
EndProject
Project("{FAE04EC0-301F-11D3-BF4B-00C04F79EFBC}") = "InspectionService.Domain.Tests", "tests\InspectionService.Domain.Tests\InspectionService.Domain.Tests.csproj", "{7E159866-F2AE-4603-866A-046FDBC0A40D}"
EndProject
Project("{FAE04EC0-301F-11D3-BF4B-00C04F79EFBC}") = "InspectionService.Application.Tests", "tests\InspectionService.Application.Tests\InspectionService.Application.Tests.csproj", "{4C5BF5A4-9038-4EA6-9301-5D5E2CD3388E}"
EndProject
Project("{FAE04EC0-301F-11D3-BF4B-00C04F79EFBC}") = "InspectionService.Api.Tests", "tests\InspectionService.Api.Tests\InspectionService.Api.Tests.csproj", "{78970B06-2B22-47ED-BD9F-5A5C2E8A349A}"
EndProject
Project("{FAE04EC0-301F-11D3-BF4B-00C04F79EFBC}") = "InspectionService.ArchitectureTests", "tests\InspectionService.ArchitectureTests\InspectionService.ArchitectureTests.csproj", "{B0635BCC-0040-4B52-B979-9B4E907ABB41}"
EndProject
Project("{FAE04EC0-301F-11D3-BF4B-00C04F79EFBC}") = "InspectionService.Infrastructure.Tests", "tests\InspectionService.Infrastructure.Tests\InspectionService.Infrastructure.Tests.csproj", "{52E0DF42-AFDC-45C5-AD49-E609D649AA26}"
EndProject
Project("{FAE04EC0-301F-11D3-BF4B-00C04F79EFBC}") = "ApiGateway", "src\ApiGateway\ApiGateway.csproj", "{6A7E0EF5-84D7-491B-9330-8A24E070553C}"
EndProject
Project("{FAE04EC0-301F-11D3-BF4B-00C04F79EFBC}") = "ApiGateway.Tests", "tests\ApiGateway.Tests\ApiGateway.Tests.csproj", "{B047D256-BFF9-4381-8532-91738E954472}"
EndProject
Project("{FAE04EC0-301F-11D3-BF4B-00C04F79EFBC}") = "Kubernetes.Tests", "tests\Kubernetes.Tests\Kubernetes.Tests.csproj", "{157621B0-9C52-4B82-81CD-6017DBF2C776}"
EndProject
Global
	GlobalSection(SolutionConfigurationPlatforms) = preSolution
		Debug|Any CPU = Debug|Any CPU
		Debug|x64 = Debug|x64
		Debug|x86 = Debug|x86
		Release|Any CPU = Release|Any CPU
		Release|x64 = Release|x64
		Release|x86 = Release|x86
	EndGlobalSection
	GlobalSection(ProjectConfigurationPlatforms) = postSolution
		{BD5C0D97-2262-4636-BE3F-520A46B9F56E}.Debug|Any CPU.ActiveCfg = Debug|Any CPU
		{BD5C0D97-2262-4636-BE3F-520A46B9F56E}.Debug|Any CPU.Build.0 = Debug|Any CPU
		{BD5C0D97-2262-4636-BE3F-520A46B9F56E}.Debug|x64.ActiveCfg = Debug|Any CPU
		{BD5C0D97-2262-4636-BE3F-520A46B9F56E}.Debug|x64.Build.0 = Debug|Any CPU
		{BD5C0D97-2262-4636-BE3F-520A46B9F56E}.Debug|x86.ActiveCfg = Debug|Any CPU
		{BD5C0D97-2262-4636-BE3F-520A46B9F56E}.Debug|x86.Build.0 = Debug|Any CPU
		{BD5C0D97-2262-4636-BE3F-520A46B9F56E}.Release|Any CPU.ActiveCfg = Release|Any CPU
		{BD5C0D97-2262-4636-BE3F-520A46B9F56E}.Release|Any CPU.Build.0 = Release|Any CPU
		{BD5C0D97-2262-4636-BE3F-520A46B9F56E}.Release|x64.ActiveCfg = Release|Any CPU
		{BD5C0D97-2262-4636-BE3F-520A46B9F56E}.Release|x64.Build.0 = Release|Any CPU
		{BD5C0D97-2262-4636-BE3F-520A46B9F56E}.Release|x86.ActiveCfg = Release|Any CPU
		{BD5C0D97-2262-4636-BE3F-520A46B9F56E}.Release|x86.Build.0 = Release|Any CPU
		{45A432CA-B02E-44BD-A04F-1C066C7B9831}.Debug|Any CPU.ActiveCfg = Debug|Any CPU
		{45A432CA-B02E-44BD-A04F-1C066C7B9831}.Debug|Any CPU.Build.0 = Debug|Any CPU
		{45A432CA-B02E-44BD-A04F-1C066C7B9831}.Debug|x64.ActiveCfg = Debug|Any CPU
		{45A432CA-B02E-44BD-A04F-1C066C7B9831}.Debug|x64.Build.0 = Debug|Any CPU
		{45A432CA-B02E-44BD-A04F-1C066C7B9831}.Debug|x86.ActiveCfg = Debug|Any CPU
		{45A432CA-B02E-44BD-A04F-1C066C7B9831}.Debug|x86.Build.0 = Debug|Any CPU
		{45A432CA-B02E-44BD-A04F-1C066C7B9831}.Release|Any CPU.ActiveCfg = Release|Any CPU
		{45A432CA-B02E-44BD-A04F-1C066C7B9831}.Release|Any CPU.Build.0 = Release|Any CPU
		{45A432CA-B02E-44BD-A04F-1C066C7B9831}.Release|x64.ActiveCfg = Release|Any CPU
		{45A432CA-B02E-44BD-A04F-1C066C7B9831}.Release|x64.Build.0 = Release|Any CPU
		{45A432CA-B02E-44BD-A04F-1C066C7B9831}.Release|x86.ActiveCfg = Release|Any CPU
		{45A432CA-B02E-44BD-A04F-1C066C7B9831}.Release|x86.Build.0 = Release|Any CPU
		{0D8BAF38-CDFD-483A-9AB1-878AEC71A423}.Debug|Any CPU.ActiveCfg = Debug|Any CPU
		{0D8BAF38-CDFD-483A-9AB1-878AEC71A423}.Debug|Any CPU.Build.0 = Debug|Any CPU
		{0D8BAF38-CDFD-483A-9AB1-878AEC71A423}.Debug|x64.ActiveCfg = Debug|Any CPU
		{0D8BAF38-CDFD-483A-9AB1-878AEC71A423}.Debug|x64.Build.0 = Debug|Any CPU
		{0D8BAF38-CDFD-483A-9AB1-878AEC71A423}.Debug|x86.ActiveCfg = Debug|Any CPU
		{0D8BAF38-CDFD-483A-9AB1-878AEC71A423}.Debug|x86.Build.0 = Debug|Any CPU
		{0D8BAF38-CDFD-483A-9AB1-878AEC71A423}.Release|Any CPU.ActiveCfg = Release|Any CPU
		{0D8BAF38-CDFD-483A-9AB1-878AEC71A423}.Release|Any CPU.Build.0 = Release|Any CPU
		{0D8BAF38-CDFD-483A-9AB1-878AEC71A423}.Release|x64.ActiveCfg = Release|Any CPU
		{0D8BAF38-CDFD-483A-9AB1-878AEC71A423}.Release|x64.Build.0 = Release|Any CPU
		{0D8BAF38-CDFD-483A-9AB1-878AEC71A423}.Release|x86.ActiveCfg = Release|Any CPU
		{0D8BAF38-CDFD-483A-9AB1-878AEC71A423}.Release|x86.Build.0 = Release|Any CPU
		{539580D8-E323-4D16-87BD-386AD1369939}.Debug|Any CPU.ActiveCfg = Debug|Any CPU
		{539580D8-E323-4D16-87BD-386AD1369939}.Debug|Any CPU.Build.0 = Debug|Any CPU
		{539580D8-E323-4D16-87BD-386AD1369939}.Debug|x64.ActiveCfg = Debug|Any CPU
		{539580D8-E323-4D16-87BD-386AD1369939}.Debug|x64.Build.0 = Debug|Any CPU
		{539580D8-E323-4D16-87BD-386AD1369939}.Debug|x86.ActiveCfg = Debug|Any CPU
		{539580D8-E323-4D16-87BD-386AD1369939}.Debug|x86.Build.0 = Debug|Any CPU
		{539580D8-E323-4D16-87BD-386AD1369939}.Release|Any CPU.ActiveCfg = Release|Any CPU
		{539580D8-E323-4D16-87BD-386AD1369939}.Release|Any CPU.Build.0 = Release|Any CPU
		{539580D8-E323-4D16-87BD-386AD1369939}.Release|x64.ActiveCfg = Release|Any CPU
		{539580D8-E323-4D16-87BD-386AD1369939}.Release|x64.Build.0 = Release|Any CPU
		{539580D8-E323-4D16-87BD-386AD1369939}.Release|x86.ActiveCfg = Release|Any CPU
		{539580D8-E323-4D16-87BD-386AD1369939}.Release|x86.Build.0 = Release|Any CPU
		{B83A1200-6DBE-45BD-9C99-F07EFFCB17B8}.Debug|Any CPU.ActiveCfg = Debug|Any CPU
		{B83A1200-6DBE-45BD-9C99-F07EFFCB17B8}.Debug|Any CPU.Build.0 = Debug|Any CPU
		{B83A1200-6DBE-45BD-9C99-F07EFFCB17B8}.Debug|x64.ActiveCfg = Debug|Any CPU
		{B83A1200-6DBE-45BD-9C99-F07EFFCB17B8}.Debug|x64.Build.0 = Debug|Any CPU
		{B83A1200-6DBE-45BD-9C99-F07EFFCB17B8}.Debug|x86.ActiveCfg = Debug|Any CPU
		{B83A1200-6DBE-45BD-9C99-F07EFFCB17B8}.Debug|x86.Build.0 = Debug|Any CPU
		{B83A1200-6DBE-45BD-9C99-F07EFFCB17B8}.Release|Any CPU.ActiveCfg = Release|Any CPU
		{B83A1200-6DBE-45BD-9C99-F07EFFCB17B8}.Release|Any CPU.Build.0 = Release|Any CPU
		{B83A1200-6DBE-45BD-9C99-F07EFFCB17B8}.Release|x64.ActiveCfg = Release|Any CPU
		{B83A1200-6DBE-45BD-9C99-F07EFFCB17B8}.Release|x64.Build.0 = Release|Any CPU
		{B83A1200-6DBE-45BD-9C99-F07EFFCB17B8}.Release|x86.ActiveCfg = Release|Any CPU
		{B83A1200-6DBE-45BD-9C99-F07EFFCB17B8}.Release|x86.Build.0 = Release|Any CPU
		{C57BBEAD-8011-446D-9B6F-449A591DE6CF}.Debug|Any CPU.ActiveCfg = Debug|Any CPU
		{C57BBEAD-8011-446D-9B6F-449A591DE6CF}.Debug|Any CPU.Build.0 = Debug|Any CPU
		{C57BBEAD-8011-446D-9B6F-449A591DE6CF}.Debug|x64.ActiveCfg = Debug|Any CPU
		{C57BBEAD-8011-446D-9B6F-449A591DE6CF}.Debug|x64.Build.0 = Debug|Any CPU
		{C57BBEAD-8011-446D-9B6F-449A591DE6CF}.Debug|x86.ActiveCfg = Debug|Any CPU
		{C57BBEAD-8011-446D-9B6F-449A591DE6CF}.Debug|x86.Build.0 = Debug|Any CPU
		{C57BBEAD-8011-446D-9B6F-449A591DE6CF}.Release|Any CPU.ActiveCfg = Release|Any CPU
		{C57BBEAD-8011-446D-9B6F-449A591DE6CF}.Release|Any CPU.Build.0 = Release|Any CPU
		{C57BBEAD-8011-446D-9B6F-449A591DE6CF}.Release|x64.ActiveCfg = Release|Any CPU
		{C57BBEAD-8011-446D-9B6F-449A591DE6CF}.Release|x64.Build.0 = Release|Any CPU
		{C57BBEAD-8011-446D-9B6F-449A591DE6CF}.Release|x86.ActiveCfg = Release|Any CPU
		{C57BBEAD-8011-446D-9B6F-449A591DE6CF}.Release|x86.Build.0 = Release|Any CPU
		{DE9395EC-80E1-4088-BCC3-0D9037C5EFAD}.Debug|Any CPU.ActiveCfg = Debug|Any CPU
		{DE9395EC-80E1-4088-BCC3-0D9037C5EFAD}.Debug|Any CPU.Build.0 = Debug|Any CPU
		{DE9395EC-80E1-4088-BCC3-0D9037C5EFAD}.Debug|x64.ActiveCfg = Debug|Any CPU
		{DE9395EC-80E1-4088-BCC3-0D9037C5EFAD}.Debug|x64.Build.0 = Debug|Any CPU
		{DE9395EC-80E1-4088-BCC3-0D9037C5EFAD}.Debug|x86.ActiveCfg = Debug|Any CPU
		{DE9395EC-80E1-4088-BCC3-0D9037C5EFAD}.Debug|x86.Build.0 = Debug|Any CPU
		{DE9395EC-80E1-4088-BCC3-0D9037C5EFAD}.Release|Any CPU.ActiveCfg = Release|Any CPU
		{DE9395EC-80E1-4088-BCC3-0D9037C5EFAD}.Release|Any CPU.Build.0 = Release|Any CPU
		{DE9395EC-80E1-4088-BCC3-0D9037C5EFAD}.Release|x64.ActiveCfg = Release|Any CPU
		{DE9395EC-80E1-4088-BCC3-0D9037C5EFAD}.Release|x64.Build.0 = Release|Any CPU
		{DE9395EC-80E1-4088-BCC3-0D9037C5EFAD}.Release|x86.ActiveCfg = Release|Any CPU
		{DE9395EC-80E1-4088-BCC3-0D9037C5EFAD}.Release|x86.Build.0 = Release|Any CPU
		{7E159866-F2AE-4603-866A-046FDBC0A40D}.Debug|Any CPU.ActiveCfg = Debug|Any CPU
		{7E159866-F2AE-4603-866A-046FDBC0A40D}.Debug|Any CPU.Build.0 = Debug|Any CPU
		{7E159866-F2AE-4603-866A-046FDBC0A40D}.Debug|x64.ActiveCfg = Debug|Any CPU
		{7E159866-F2AE-4603-866A-046FDBC0A40D}.Debug|x64.Build.0 = Debug|Any CPU
		{7E159866-F2AE-4603-866A-046FDBC0A40D}.Debug|x86.ActiveCfg = Debug|Any CPU
		{7E159866-F2AE-4603-866A-046FDBC0A40D}.Debug|x86.Build.0 = Debug|Any CPU
		{7E159866-F2AE-4603-866A-046FDBC0A40D}.Release|Any CPU.ActiveCfg = Release|Any CPU
		{7E159866-F2AE-4603-866A-046FDBC0A40D}.Release|Any CPU.Build.0 = Release|Any CPU
		{7E159866-F2AE-4603-866A-046FDBC0A40D}.Release|x64.ActiveCfg = Release|Any CPU
		{7E159866-F2AE-4603-866A-046FDBC0A40D}.Release|x64.Build.0 = Release|Any CPU
		{7E159866-F2AE-4603-866A-046FDBC0A40D}.Release|x86.ActiveCfg = Release|Any CPU
		{7E159866-F2AE-4603-866A-046FDBC0A40D}.Release|x86.Build.0 = Release|Any CPU
		{4C5BF5A4-9038-4EA6-9301-5D5E2CD3388E}.Debug|Any CPU.ActiveCfg = Debug|Any CPU
		{4C5BF5A4-9038-4EA6-9301-5D5E2CD3388E}.Debug|Any CPU.Build.0 = Debug|Any CPU
		{4C5BF5A4-9038-4EA6-9301-5D5E2CD3388E}.Debug|x64.ActiveCfg = Debug|Any CPU
		{4C5BF5A4-9038-4EA6-9301-5D5E2CD3388E}.Debug|x64.Build.0 = Debug|Any CPU
		{4C5BF5A4-9038-4EA6-9301-5D5E2CD3388E}.Debug|x86.ActiveCfg = Debug|Any CPU
		{4C5BF5A4-9038-4EA6-9301-5D5E2CD3388E}.Debug|x86.Build.0 = Debug|Any CPU
		{4C5BF5A4-9038-4EA6-9301-5D5E2CD3388E}.Release|Any CPU.ActiveCfg = Release|Any CPU
		{4C5BF5A4-9038-4EA6-9301-5D5E2CD3388E}.Release|Any CPU.Build.0 = Release|Any CPU
		{4C5BF5A4-9038-4EA6-9301-5D5E2CD3388E}.Release|x64.ActiveCfg = Release|Any CPU
		{4C5BF5A4-9038-4EA6-9301-5D5E2CD3388E}.Release|x64.Build.0 = Release|Any CPU
		{4C5BF5A4-9038-4EA6-9301-5D5E2CD3388E}.Release|x86.ActiveCfg = Release|Any CPU
		{4C5BF5A4-9038-4EA6-9301-5D5E2CD3388E}.Release|x86.Build.0 = Release|Any CPU
		{78970B06-2B22-47ED-BD9F-5A5C2E8A349A}.Debug|Any CPU.ActiveCfg = Debug|Any CPU
		{78970B06-2B22-47ED-BD9F-5A5C2E8A349A}.Debug|Any CPU.Build.0 = Debug|Any CPU
		{78970B06-2B22-47ED-BD9F-5A5C2E8A349A}.Debug|x64.ActiveCfg = Debug|Any CPU
		{78970B06-2B22-47ED-BD9F-5A5C2E8A349A}.Debug|x64.Build.0 = Debug|Any CPU
		{78970B06-2B22-47ED-BD9F-5A5C2E8A349A}.Debug|x86.ActiveCfg = Debug|Any CPU
		{78970B06-2B22-47ED-BD9F-5A5C2E8A349A}.Debug|x86.Build.0 = Debug|Any CPU
		{78970B06-2B22-47ED-BD9F-5A5C2E8A349A}.Release|Any CPU.ActiveCfg = Release|Any CPU
		{78970B06-2B22-47ED-BD9F-5A5C2E8A349A}.Release|Any CPU.Build.0 = Release|Any CPU
		{78970B06-2B22-47ED-BD9F-5A5C2E8A349A}.Release|x64.ActiveCfg = Release|Any CPU
		{78970B06-2B22-47ED-BD9F-5A5C2E8A349A}.Release|x64.Build.0 = Release|Any CPU
		{78970B06-2B22-47ED-BD9F-5A5C2E8A349A}.Release|x86.ActiveCfg = Release|Any CPU
		{78970B06-2B22-47ED-BD9F-5A5C2E8A349A}.Release|x86.Build.0 = Release|Any CPU
		{B0635BCC-0040-4B52-B979-9B4E907ABB41}.Debug|Any CPU.ActiveCfg = Debug|Any CPU
		{B0635BCC-0040-4B52-B979-9B4E907ABB41}.Debug|Any CPU.Build.0 = Debug|Any CPU
		{B0635BCC-0040-4B52-B979-9B4E907ABB41}.Debug|x64.ActiveCfg = Debug|Any CPU
		{B0635BCC-0040-4B52-B979-9B4E907ABB41}.Debug|x64.Build.0 = Debug|Any CPU
		{B0635BCC-0040-4B52-B979-9B4E907ABB41}.Debug|x86.ActiveCfg = Debug|Any CPU
		{B0635BCC-0040-4B52-B979-9B4E907ABB41}.Debug|x86.Build.0 = Debug|Any CPU
		{B0635BCC-0040-4B52-B979-9B4E907ABB41}.Release|Any CPU.ActiveCfg = Release|Any CPU
		{B0635BCC-0040-4B52-B979-9B4E907ABB41}.Release|Any CPU.Build.0 = Release|Any CPU
		{B0635BCC-0040-4B52-B979-9B4E907ABB41}.Release|x64.ActiveCfg = Release|Any CPU
		{B0635BCC-0040-4B52-B979-9B4E907ABB41}.Release|x64.Build.0 = Release|Any CPU
		{B0635BCC-0040-4B52-B979-9B4E907ABB41}.Release|x86.ActiveCfg = Release|Any CPU
		{B0635BCC-0040-4B52-B979-9B4E907ABB41}.Release|x86.Build.0 = Release|Any CPU
		{52E0DF42-AFDC-45C5-AD49-E609D649AA26}.Debug|Any CPU.ActiveCfg = Debug|Any CPU
		{52E0DF42-AFDC-45C5-AD49-E609D649AA26}.Debug|Any CPU.Build.0 = Debug|Any CPU
		{52E0DF42-AFDC-45C5-AD49-E609D649AA26}.Debug|x64.ActiveCfg = Debug|Any CPU
		{52E0DF42-AFDC-45C5-AD49-E609D649AA26}.Debug|x64.Build.0 = Debug|Any CPU
		{52E0DF42-AFDC-45C5-AD49-E609D649AA26}.Debug|x86.ActiveCfg = Debug|Any CPU
		{52E0DF42-AFDC-45C5-AD49-E609D649AA26}.Debug|x86.Build.0 = Debug|Any CPU
		{52E0DF42-AFDC-45C5-AD49-E609D649AA26}.Release|Any CPU.ActiveCfg = Release|Any CPU
		{52E0DF42-AFDC-45C5-AD49-E609D649AA26}.Release|Any CPU.Build.0 = Release|Any CPU
		{52E0DF42-AFDC-45C5-AD49-E609D649AA26}.Release|x64.ActiveCfg = Release|Any CPU
		{52E0DF42-AFDC-45C5-AD49-E609D649AA26}.Release|x64.Build.0 = Release|Any CPU
		{52E0DF42-AFDC-45C5-AD49-E609D649AA26}.Release|x86.ActiveCfg = Release|Any CPU
		{52E0DF42-AFDC-45C5-AD49-E609D649AA26}.Release|x86.Build.0 = Release|Any CPU
		{6A7E0EF5-84D7-491B-9330-8A24E070553C}.Debug|Any CPU.ActiveCfg = Debug|Any CPU
		{6A7E0EF5-84D7-491B-9330-8A24E070553C}.Debug|Any CPU.Build.0 = Debug|Any CPU
		{6A7E0EF5-84D7-491B-9330-8A24E070553C}.Debug|x64.ActiveCfg = Debug|Any CPU
		{6A7E0EF5-84D7-491B-9330-8A24E070553C}.Debug|x64.Build.0 = Debug|Any CPU
		{6A7E0EF5-84D7-491B-9330-8A24E070553C}.Debug|x86.ActiveCfg = Debug|Any CPU
		{6A7E0EF5-84D7-491B-9330-8A24E070553C}.Debug|x86.Build.0 = Debug|Any CPU
		{6A7E0EF5-84D7-491B-9330-8A24E070553C}.Release|Any CPU.ActiveCfg = Release|Any CPU
		{6A7E0EF5-84D7-491B-9330-8A24E070553C}.Release|Any CPU.Build.0 = Release|Any CPU
		{6A7E0EF5-84D7-491B-9330-8A24E070553C}.Release|x64.ActiveCfg = Release|Any CPU
		{6A7E0EF5-84D7-491B-9330-8A24E070553C}.Release|x64.Build.0 = Release|Any CPU
		{6A7E0EF5-84D7-491B-9330-8A24E070553C}.Release|x86.ActiveCfg = Release|Any CPU
		{6A7E0EF5-84D7-491B-9330-8A24E070553C}.Release|x86.Build.0 = Release|Any CPU
		{B047D256-BFF9-4381-8532-91738E954472}.Debug|Any CPU.ActiveCfg = Debug|Any CPU
		{B047D256-BFF9-4381-8532-91738E954472}.Debug|Any CPU.Build.0 = Debug|Any CPU
		{B047D256-BFF9-4381-8532-91738E954472}.Debug|x64.ActiveCfg = Debug|Any CPU
		{B047D256-BFF9-4381-8532-91738E954472}.Debug|x64.Build.0 = Debug|Any CPU
		{B047D256-BFF9-4381-8532-91738E954472}.Debug|x86.ActiveCfg = Debug|Any CPU
		{B047D256-BFF9-4381-8532-91738E954472}.Debug|x86.Build.0 = Debug|Any CPU
		{B047D256-BFF9-4381-8532-91738E954472}.Release|Any CPU.ActiveCfg = Release|Any CPU
		{B047D256-BFF9-4381-8532-91738E954472}.Release|Any CPU.Build.0 = Release|Any CPU
		{B047D256-BFF9-4381-8532-91738E954472}.Release|x64.ActiveCfg = Release|Any CPU
		{B047D256-BFF9-4381-8532-91738E954472}.Release|x64.Build.0 = Release|Any CPU
		{B047D256-BFF9-4381-8532-91738E954472}.Release|x86.ActiveCfg = Release|Any CPU
		{B047D256-BFF9-4381-8532-91738E954472}.Release|x86.Build.0 = Release|Any CPU
		{157621B0-9C52-4B82-81CD-6017DBF2C776}.Debug|Any CPU.ActiveCfg = Debug|Any CPU
		{157621B0-9C52-4B82-81CD-6017DBF2C776}.Debug|Any CPU.Build.0 = Debug|Any CPU
		{157621B0-9C52-4B82-81CD-6017DBF2C776}.Debug|x64.ActiveCfg = Debug|Any CPU
		{157621B0-9C52-4B82-81CD-6017DBF2C776}.Debug|x64.Build.0 = Debug|Any CPU
		{157621B0-9C52-4B82-81CD-6017DBF2C776}.Debug|x86.ActiveCfg = Debug|Any CPU
		{157621B0-9C52-4B82-81CD-6017DBF2C776}.Debug|x86.Build.0 = Debug|Any CPU
		{157621B0-9C52-4B82-81CD-6017DBF2C776}.Release|Any CPU.ActiveCfg = Release|Any CPU
		{157621B0-9C52-4B82-81CD-6017DBF2C776}.Release|Any CPU.Build.0 = Release|Any CPU
		{157621B0-9C52-4B82-81CD-6017DBF2C776}.Release|x64.ActiveCfg = Release|Any CPU
		{157621B0-9C52-4B82-81CD-6017DBF2C776}.Release|x64.Build.0 = Release|Any CPU
		{157621B0-9C52-4B82-81CD-6017DBF2C776}.Release|x86.ActiveCfg = Release|Any CPU
		{157621B0-9C52-4B82-81CD-6017DBF2C776}.Release|x86.Build.0 = Release|Any CPU
	EndGlobalSection
	GlobalSection(SolutionProperties) = preSolution
		HideSolutionNode = FALSE
	EndGlobalSection
	GlobalSection(NestedProjects) = preSolution
		{BD5C0D97-2262-4636-BE3F-520A46B9F56E} = {9869DBB4-CC25-4F19-A68B-17731D8CA5C5}
		{45A432CA-B02E-44BD-A04F-1C066C7B9831} = {0AB3BF05-4346-4AA6-1389-037BE0695223}
		{0D8BAF38-CDFD-483A-9AB1-878AEC71A423} = {9869DBB4-CC25-4F19-A68B-17731D8CA5C5}
		{539580D8-E323-4D16-87BD-386AD1369939} = {9869DBB4-CC25-4F19-A68B-17731D8CA5C5}
		{B83A1200-6DBE-45BD-9C99-F07EFFCB17B8} = {9869DBB4-CC25-4F19-A68B-17731D8CA5C5}
		{C57BBEAD-8011-446D-9B6F-449A591DE6CF} = {9869DBB4-CC25-4F19-A68B-17731D8CA5C5}
		{DE9395EC-80E1-4088-BCC3-0D9037C5EFAD} = {9869DBB4-CC25-4F19-A68B-17731D8CA5C5}
		{7E159866-F2AE-4603-866A-046FDBC0A40D} = {0AB3BF05-4346-4AA6-1389-037BE0695223}
		{4C5BF5A4-9038-4EA6-9301-5D5E2CD3388E} = {0AB3BF05-4346-4AA6-1389-037BE0695223}
		{78970B06-2B22-47ED-BD9F-5A5C2E8A349A} = {0AB3BF05-4346-4AA6-1389-037BE0695223}
		{B0635BCC-0040-4B52-B979-9B4E907ABB41} = {0AB3BF05-4346-4AA6-1389-037BE0695223}
		{52E0DF42-AFDC-45C5-AD49-E609D649AA26} = {0AB3BF05-4346-4AA6-1389-037BE0695223}
		{6A7E0EF5-84D7-491B-9330-8A24E070553C} = {9869DBB4-CC25-4F19-A68B-17731D8CA5C5}
		{B047D256-BFF9-4381-8532-91738E954472} = {0AB3BF05-4346-4AA6-1389-037BE0695223}
		{157621B0-9C52-4B82-81CD-6017DBF2C776} = {0AB3BF05-4346-4AA6-1389-037BE0695223}
	EndGlobalSection
EndGlobal
